
Microsoft Visual Studio Solution File, Format Version 12.00
# Visual Studio Version 16
VisualStudioVersion = 16.0.30225.117
MinimumVisualStudioVersion = 10.0.40219.1
Project("{FAE04EC0-301F-11D3-BF4B-00C04F79EFBC}") = "HelloTask", "HelloTask\HelloTask.csproj", "{B373A706-E91F-4C55-9BB0-D746BF0D18A1}"
EndProject
Global
	GlobalSection(SolutionConfigurationPlatforms) = preSolution
		Debug|Any CPU = Debug|Any CPU
		Release|Any CPU = Release|Any CPU
	EndGlobalSection
	GlobalSection(ProjectConfigurationPlatforms) = postSolution
		{B373A706-E91F-4C55-9BB0-D746BF0D18A1}.Debug|Any CPU.ActiveCfg = Debug|Any CPU
		{B373A706-E91F-4C55-9BB0-D746BF0D18A1}.Debug|Any CPU.Build.0 = Debug|Any CPU
		{B373A706-E91F-4C55-9BB0-D746BF0D18A1}.Release|Any CPU.ActiveCfg = Release|Any CPU
		{B373A706-E91F-4C55-9BB0-D746BF0D18A1}.Release|Any CPU.Build.0 = Release|Any CPU
	EndGlobalSection
	GlobalSection(SolutionProperties) = preSolution
		HideSolutionNode = FALSE
	EndGlobalSection
	GlobalSection(ExtensibilityGlobals) = postSolution
		SolutionGuid = {F0A6069E-C7FE-4C73-A72E-DF9C22C4EB1D}
	EndGlobalSection
EndGlobal
